
Microsoft Visual Studio Solution File, Format Version 12.00
# Visual Studio Version 17
VisualStudioVersion = 17.1.32228.430
MinimumVisualStudioVersion = 10.0.40219.1
Project("{9A19103F-16F7-4668-BE54-9A1E7A4F7556}") = "NumInWords", "NumInWords\NumInWords.csproj", "{5C8E9CAE-2505-4A34-9E20-B0D650FBFA1C}"
EndProject
Global
	GlobalSection(SolutionConfigurationPlatforms) = preSolution
		Debug|Any CPU = Debug|Any CPU
		Release|Any CPU = Release|Any CPU
	EndGlobalSection
	GlobalSection(ProjectConfigurationPlatforms) = postSolution
		{5C8E9CAE-2505-4A34-9E20-B0D650FBFA1C}.Debug|Any CPU.ActiveCfg = Debug|Any CPU
		{5C8E9CAE-2505-4A34-9E20-B0D650FBFA1C}.Debug|Any CPU.Build.0 = Debug|Any CPU
		{5C8E9CAE-2505-4A34-9E20-B0D650FBFA1C}.Release|Any CPU.ActiveCfg = Release|Any CPU
		{5C8E9CAE-2505-4A34-9E20-B0D650FBFA1C}.Release|Any CPU.Build.0 = Release|Any CPU
	EndGlobalSection
	GlobalSection(SolutionProperties) = preSolution
		HideSolutionNode = FALSE
	EndGlobalSection
	GlobalSection(ExtensibilityGlobals) = postSolution
		SolutionGuid = {75BC9912-A881-480D-9B3E-428C68B55079}
	EndGlobalSection
EndGlobal
